
Microsoft Visual Studio Solution File, Format Version 12.00
# Visual Studio Version 17
VisualStudioVersion = 17.14.36603.0 d17.14
MinimumVisualStudioVersion = 10.0.40219.1
Project("{FAE04EC0-301F-11D3-BF4B-00C04F79EFBC}") = "VideoShaderEffects", "VideoShaderEffects.csproj", "{B849B79D-DDEF-4AED-BCF8-6F59E58B403E}"
EndProject
Global
	GlobalSection(SolutionConfigurationPlatforms) = preSolution
		Debug|Any CPU = Debug|Any CPU
		Release|Any CPU = Release|Any CPU
	EndGlobalSection
	GlobalSection(ProjectConfigurationPlatforms) = postSolution
		{B849B79D-DDEF-4AED-BCF8-6F59E58B403E}.Debug|Any CPU.ActiveCfg = Debug|Any CPU
		{B849B79D-DDEF-4AED-BCF8-6F59E58B403E}.Debug|Any CPU.Build.0 = Debug|Any CPU
		{B849B79D-DDEF-4AED-BCF8-6F59E58B403E}.Release|Any CPU.ActiveCfg = Release|Any CPU
		{B849B79D-DDEF-4AED-BCF8-6F59E58B403E}.Release|Any CPU.Build.0 = Release|Any CPU
	EndGlobalSection
	GlobalSection(SolutionProperties) = preSolution
		HideSolutionNode = FALSE
	EndGlobalSection
	GlobalSection(ExtensibilityGlobals) = postSolution
		SolutionGuid = {47BEE4E4-A555-467B-AED5-B5172F7F778D}
	EndGlobalSection
EndGlobal
